github.com/ehsontjk/bank v0.0.0-20200923161520-893aa1384da6 h1:DjJu0oQO+zqCrNi/7eEFVR/QkzOYkEmaSDXz1JKeCdc=
github.com/ehsontjk/bank v0.0.0-20200923161520-893aa1384da6/go.mod h1:YU4cNQGol3ZzANNSrUqL4iNazOqcpXy/iQ2vXFjN290=
github.com/ehsontjk/bank v0.0.0-20200923172251-9b6fec846f8e h1:QWrOgO0bgPWEW7Bt3BrdUJKydTJH5Sy6jijmayDjayw=
